{
  "pins" : [
    {
      "identity" : "sdwebimage",
      "kind" : "remoteSourceControl",
      "location" : "https://github.com/SDWebImage/SDWebImage.git",
      "state" : {
        "revision" : "59730af512c06fb569c119d737df4c1c499e001d",
        "version" : "5.18.10"
      }
    },
    {
      "identity" : "swiftloader",
      "kind" : "remoteSourceControl",
      "location" : "https://github.com/leoru/SwiftLoader.git",
      "state" : {
        "revision" : "3d03ac07764075bfab4c9ce9d5ba4556d6af350e",
        "version" : "1.1.0"
      }
    },
    {
      "identity" : "toast-swift",
      "kind" : "remoteSourceControl",
      "location" : "https://github.com/BastiaanJansen/toast-swift",
      "state" : {
        "revision" : "9a40b722b6eeb9683d47e3584501e81525741291",
        "version" : "2.1.2"
      }
    }
  ],
  "version" : 2
}
