// !$*UTF8*$!
{
	archiveVersion = 1;
	classes = {
	};
	objectVersion = 56;
	objects = {

/* Begin PBXBuildFile section */
		56E44E897BB69BD7E9AD78D9 /* Pods_Demo_MVVM_iOS_Demo_MVVM_iOSUITests.framework in Frameworks */ = {isa = PBXBuildFile; fileRef = 5028D5EE108831DB1E32B089 /* Pods_Demo_MVVM_iOS_Demo_MVVM_iOSUITests.framework */; };
		5FA2EA6863BF714FC7F141E5 /* Pods_Demo_MVVM_iOS.framework in Frameworks */ = {isa = PBXBuildFile; fileRef = 92FA5D4245B2B31426B74BE5 /* Pods_Demo_MVVM_iOS.framework */; };
		8D5957352B7B325A005388D8 /* GoodWeatherViewC+TableView.swift in Sources */ = {isa = PBXBuildFile; fileRef = 8D5957342B7B325A005388D8 /* GoodWeatherViewC+TableView.swift */; };
		8D5957812B7B4D97005388D8 /* GoodWeatherTableViewCell.swift in Sources */ = {isa = PBXBuildFile; fileRef = 8D59577F2B7B4D97005388D8 /* GoodWeatherTableViewCell.swift */; };
		8D5957822B7B4D97005388D8 /* GoodWeatherTableViewCell.xib in Resources */ = {isa = PBXBuildFile; fileRef = 8D5957802B7B4D97005388D8 /* GoodWeatherTableViewCell.xib */; };
		8D5957872B7B61DD005388D8 /* SettingsViewC.swift in Sources */ = {isa = PBXBuildFile; fileRef = 8D5957862B7B61DD005388D8 /* SettingsViewC.swift */; };
		8D5957892B7B620D005388D8 /* SettingsViewC+CutomMethods.swift in Sources */ = {isa = PBXBuildFile; fileRef = 8D5957882B7B620D005388D8 /* SettingsViewC+CutomMethods.swift */; };
		8D59578B2B7B624A005388D8 /* SettingsViewC+TableView.swift in Sources */ = {isa = PBXBuildFile; fileRef = 8D59578A2B7B624A005388D8 /* SettingsViewC+TableView.swift */; };
		8D774CA82B79F3F20061569C /* SuperHeros.storyboard in Resources */ = {isa = PBXBuildFile; fileRef = 8D774CA72B79F3F20061569C /* SuperHeros.storyboard */; };
		8D8281742B735C2300603977 /* AppDelegate.swift in Sources */ = {isa = PBXBuildFile; fileRef = 8D8281732B735C2300603977 /* AppDelegate.swift */; };
		8D8281762B735C2300603977 /* SceneDelegate.swift in Sources */ = {isa = PBXBuildFile; fileRef = 8D8281752B735C2300603977 /* SceneDelegate.swift */; };
		8D8281782B735C2300603977 /* ViewController.swift in Sources */ = {isa = PBXBuildFile; fileRef = 8D8281772B735C2300603977 /* ViewController.swift */; };
		8D82817B2B735C2300603977 /* Main.storyboard in Resources */ = {isa = PBXBuildFile; fileRef = 8D8281792B735C2300603977 /* Main.storyboard */; };
		8D82817D2B735C2500603977 /* Assets.xcassets in Resources */ = {isa = PBXBuildFile; fileRef = 8D82817C2B735C2500603977 /* Assets.xcassets */; };
		8D8281802B735C2500603977 /* LaunchScreen.storyboard in Resources */ = {isa = PBXBuildFile; fileRef = 8D82817E2B735C2500603977 /* LaunchScreen.storyboard */; };
		8D82818B2B735C2500603977 /* Demo_MVVM_iOSTests.swift in Sources */ = {isa = PBXBuildFile; fileRef = 8D82818A2B735C2500603977 /* Demo_MVVM_iOSTests.swift */; };
		8D8281952B735C2500603977 /* Demo_MVVM_iOSUITests.swift in Sources */ = {isa = PBXBuildFile; fileRef = 8D8281942B735C2500603977 /* Demo_MVVM_iOSUITests.swift */; };
		8D8281972B735C2500603977 /* Demo_MVVM_iOSUITestsLaunchTests.swift in Sources */ = {isa = PBXBuildFile; fileRef = 8D8281962B735C2500603977 /* Demo_MVVM_iOSUITestsLaunchTests.swift */; };
		8D850E1C2B7775C500880B1D /* MarvelSuperHeroListViewC+TableView.swift in Sources */ = {isa = PBXBuildFile; fileRef = 8D850E1B2B7775C500880B1D /* MarvelSuperHeroListViewC+TableView.swift */; };
		8D8E435C2B7A0EA500AB7FB1 /* AddCityScreenViewC.swift in Sources */ = {isa = PBXBuildFile; fileRef = 8D8E435B2B7A0EA500AB7FB1 /* AddCityScreenViewC.swift */; };
		8D8E435E2B7A0EFB00AB7FB1 /* AddCityScreenViewC+CustomMethods.swift in Sources */ = {isa = PBXBuildFile; fileRef = 8D8E435D2B7A0EFB00AB7FB1 /* AddCityScreenViewC+CustomMethods.swift */; };
		8DE2DA782B7A01BF00915C6D /* GoodWeather.storyboard in Resources */ = {isa = PBXBuildFile; fileRef = 8DE2DA772B7A01BF00915C6D /* GoodWeather.storyboard */; };
		8DE2DA7C2B7A0A1500915C6D /* GoodWeatherViewC.swift in Sources */ = {isa = PBXBuildFile; fileRef = 8DE2DA7B2B7A0A1500915C6D /* GoodWeatherViewC.swift */; };
		8DE2DA7E2B7A0B8500915C6D /* GoodWeatherViewC+CustomMethods.swift in Sources */ = {isa = PBXBuildFile; fileRef = 8DE2DA7D2B7A0B8500915C6D /* GoodWeatherViewC+CustomMethods.swift */; };
		9D37C99F2B7BFBB0000E5073 /* GoodWeatherModel.swift in Sources */ = {isa = PBXBuildFile; fileRef = 9D37C99E2B7BFBB0000E5073 /* GoodWeatherModel.swift */; };
		9D37C9A22B7C00F7000E5073 /* AddWeatherVM.swift in Sources */ = {isa = PBXBuildFile; fileRef = 9D37C9A12B7C00F7000E5073 /* AddWeatherVM.swift */; };
		9D37C9A52B7C012A000E5073 /* Constants.swift in Sources */ = {isa = PBXBuildFile; fileRef = 9D37C9A42B7C012A000E5073 /* Constants.swift */; };
		9D6A20952B77904A00E67382 /* SDWebImage in Frameworks */ = {isa = PBXBuildFile; productRef = 9D6A20942B77904A00E67382 /* SDWebImage */; };
		9D6A20972B77A53A00E67382 /* UIImageView+Extension.swift in Sources */ = {isa = PBXBuildFile; fileRef = 9D6A20962B77A53A00E67382 /* UIImageView+Extension.swift */; };
		9D9A53562B76A84500D9DF70 /* WebServiceManager.swift in Sources */ = {isa = PBXBuildFile; fileRef = 9D9A53552B76A84500D9DF70 /* WebServiceManager.swift */; };
		9D9A53592B76AE5500D9DF70 /* DataError.swift in Sources */ = {isa = PBXBuildFile; fileRef = 9D9A53582B76AE5500D9DF70 /* DataError.swift */; };
		9D9A536B2B76C9A700D9DF70 /* UIView+Extension.swift in Sources */ = {isa = PBXBuildFile; fileRef = 9D9A536A2B76C9A700D9DF70 /* UIView+Extension.swift */; };
		9D9A536D2B76CEB100D9DF70 /* UITableView+Extension.swift in Sources */ = {isa = PBXBuildFile; fileRef = 9D9A536C2B76CEB100D9DF70 /* UITableView+Extension.swift */; };
		9D9A536F2B76D04300D9DF70 /* NSObject+Extension.swift in Sources */ = {isa = PBXBuildFile; fileRef = 9D9A536E2B76D04300D9DF70 /* NSObject+Extension.swift */; };
		9D9A53742B773BF300D9DF70 /* MarvelSuperHeroListViewC.swift in Sources */ = {isa = PBXBuildFile; fileRef = 9D9A53732B773BF300D9DF70 /* MarvelSuperHeroListViewC.swift */; };
		9D9A53762B773C1800D9DF70 /* MarvelSuperHeroListViewC+CustomMethods.swift in Sources */ = {isa = PBXBuildFile; fileRef = 9D9A53752B773C1800D9DF70 /* MarvelSuperHeroListViewC+CustomMethods.swift */; };
		9D9A537B2B773DDE00D9DF70 /* MarvelSuperHeroTableViewCell.swift in Sources */ = {isa = PBXBuildFile; fileRef = 9D9A53792B773DDE00D9DF70 /* MarvelSuperHeroTableViewCell.swift */; };
		9D9A537C2B773DDE00D9DF70 /* MarvelSuperHeroTableViewCell.xib in Resources */ = {isa = PBXBuildFile; fileRef = 9D9A537A2B773DDE00D9DF70 /* MarvelSuperHeroTableViewCell.xib */; };
		9D9A53802B7742FC00D9DF70 /* MarvelSuperHeroModel.swift in Sources */ = {isa = PBXBuildFile; fileRef = 9D9A537F2B7742FC00D9DF70 /* MarvelSuperHeroModel.swift */; };
		9D9A53822B774B3400D9DF70 /* HttpMethod.swift in Sources */ = {isa = PBXBuildFile; fileRef = 9D9A53812B774B3400D9DF70 /* HttpMethod.swift */; };
		9D9A53842B774D5D00D9DF70 /* Resource.swift in Sources */ = {isa = PBXBuildFile; fileRef = 9D9A53832B774D5C00D9DF70 /* Resource.swift */; };
		9D9A53862B7751A000D9DF70 /* Reachability.swift in Sources */ = {isa = PBXBuildFile; fileRef = 9D9A53852B7751A000D9DF70 /* Reachability.swift */; };
		9D9A53892B77564B00D9DF70 /* MarvelSuperHeroVM.swift in Sources */ = {isa = PBXBuildFile; fileRef = 9D9A53882B77564B00D9DF70 /* MarvelSuperHeroVM.swift */; };
		9D9CE2F92B75E4A400B1118C /* GoogleService-Info.plist in Resources */ = {isa = PBXBuildFile; fileRef = 9D9CE2F82B75E4A400B1118C /* GoogleService-Info.plist */; };
		9DAB55F82B7BDBCD00E28242 /* SettingsTableViewCell.swift in Sources */ = {isa = PBXBuildFile; fileRef = 9DAB55F62B7BDBCD00E28242 /* SettingsTableViewCell.swift */; };
		9DAB55F92B7BDBCD00E28242 /* SettingsTableViewCell.xib in Resources */ = {isa = PBXBuildFile; fileRef = 9DAB55F72B7BDBCD00E28242 /* SettingsTableViewCell.xib */; };
		9DAE3A3C2B7D1611009C9569 /* GoodWeatherListVM.swift in Sources */ = {isa = PBXBuildFile; fileRef = 9DAE3A3B2B7D1611009C9569 /* GoodWeatherListVM.swift */; };
		9DAE3A3E2B7D200E009C9569 /* AddCityScreenViewC+UITextFieldDelegate.swift in Sources */ = {isa = PBXBuildFile; fileRef = 9DAE3A3D2B7D200E009C9569 /* AddCityScreenViewC+UITextFieldDelegate.swift */; };
		9DDEDBF22B77E4F50036365F /* String+Extension.swift in Sources */ = {isa = PBXBuildFile; fileRef = 9DDEDBF12B77E4F50036365F /* String+Extension.swift */; };
		9DDEDBF52B77EC560036365F /* SwiftLoader in Frameworks */ = {isa = PBXBuildFile; productRef = 9DDEDBF42B77EC560036365F /* SwiftLoader */; };
		9DDEDBF72B77EDDB0036365F /* GlobalLoader.swift in Sources */ = {isa = PBXBuildFile; fileRef = 9DDEDBF62B77EDDB0036365F /* GlobalLoader.swift */; };
		9DDEDBFA2B77F3AF0036365F /* AppText.swift in Sources */ = {isa = PBXBuildFile; fileRef = 9DDEDBF92B77F3AF0036365F /* AppText.swift */; };
		9DDEDBFD2B77FEBA0036365F /* Toast in Frameworks */ = {isa = PBXBuildFile; productRef = 9DDEDBFC2B77FEBA0036365F /* Toast */; };
		9DDEDBFF2B77FF5C0036365F /* ToastManager.swift in Sources */ = {isa = PBXBuildFile; fileRef = 9DDEDBFE2B77FF5C0036365F /* ToastManager.swift */; };
		F2D2CDB933C968C84F790DD7 /* Pods_Demo_MVVM_iOSTests.framework in Frameworks */ = {isa = PBXBuildFile; fileRef = 472D8222E9497010945C1EA7 /* Pods_Demo_MVVM_iOSTests.framework */; };
/* End PBXBuildFile section */

/* Begin PBXContainerItemProxy section */
		8D8281872B735C2500603977 /* PBXContainerItemProxy */ = {
			isa = PBXContainerItemProxy;
			containerPortal = 8D8281682B735C2300603977 /* Project object */;
			proxyType = 1;
			remoteGlobalIDString = 8D82816F2B735C2300603977;
			remoteInfo = Demo_MVVM_iOS;
		};
		8D8281912B735C2500603977 /* PBXContainerItemProxy */ = {
			isa = PBXContainerItemProxy;
			containerPortal = 8D8281682B735C2300603977 /* Project object */;
			proxyType = 1;
			remoteGlobalIDString = 8D82816F2B735C2300603977;
			remoteInfo = Demo_MVVM_iOS;
		};
/* End PBXContainerItemProxy section */

/* Begin PBXFileReference section */
		29D60F2EEC2735BF920C6739 /* Pods-Demo_MVVM_iOS-Demo_MVVM_iOSUITests.release.xcconfig */ = {isa = PBXFileReference; includeInIndex = 1; lastKnownFileType = text.xcconfig; name = "Pods-Demo_MVVM_iOS-Demo_MVVM_iOSUITests.release.xcconfig"; path = "Target Support Files/Pods-Demo_MVVM_iOS-Demo_MVVM_iOSUITests/Pods-Demo_MVVM_iOS-Demo_MVVM_iOSUITests.release.xcconfig"; sourceTree = "<group>"; };
		34EE49A3EF3505C6F0EE290A /* Pods-Demo_MVVM_iOS.debug.xcconfig */ = {isa = PBXFileReference; includeInIndex = 1; lastKnownFileType = text.xcconfig; name = "Pods-Demo_MVVM_iOS.debug.xcconfig"; path = "Target Support Files/Pods-Demo_MVVM_iOS/Pods-Demo_MVVM_iOS.debug.xcconfig"; sourceTree = "<group>"; };
		45CBA3D0F1EC80967E62ECBA /* Pods-Demo_MVVM_iOSTests.debug.xcconfig */ = {isa = PBXFileReference; includeInIndex = 1; lastKnownFileType = text.xcconfig; name = "Pods-Demo_MVVM_iOSTests.debug.xcconfig"; path = "Target Support Files/Pods-Demo_MVVM_iOSTests/Pods-Demo_MVVM_iOSTests.debug.xcconfig"; sourceTree = "<group>"; };
		472D8222E9497010945C1EA7 /* Pods_Demo_MVVM_iOSTests.framework */ = {isa = PBXFileReference; explicitFileType = wrapper.framework; includeInIndex = 0; path = Pods_Demo_MVVM_iOSTests.framework; sourceTree = BUILT_PRODUCTS_DIR; };
		5028D5EE108831DB1E32B089 /* Pods_Demo_MVVM_iOS_Demo_MVVM_iOSUITests.framework */ = {isa = PBXFileReference; explicitFileType = wrapper.framework; includeInIndex = 0; path = Pods_Demo_MVVM_iOS_Demo_MVVM_iOSUITests.framework; sourceTree = BUILT_PRODUCTS_DIR; };
		50631FD7053713537741BAC7 /* Pods-Demo_MVVM_iOSTests.release.xcconfig */ = {isa = PBXFileReference; includeInIndex = 1; lastKnownFileType = text.xcconfig; name = "Pods-Demo_MVVM_iOSTests.release.xcconfig"; path = "Target Support Files/Pods-Demo_MVVM_iOSTests/Pods-Demo_MVVM_iOSTests.release.xcconfig"; sourceTree = "<group>"; };
		66B57A2EE664D79E1B8C33FD /* Pods-Demo_MVVM_iOS.release.xcconfig */ = {isa = PBXFileReference; includeInIndex = 1; lastKnownFileType = text.xcconfig; name = "Pods-Demo_MVVM_iOS.release.xcconfig"; path = "Target Support Files/Pods-Demo_MVVM_iOS/Pods-Demo_MVVM_iOS.release.xcconfig"; sourceTree = "<group>"; };
		8D5957342B7B325A005388D8 /* GoodWeatherViewC+TableView.swift */ = {isa = PBXFileReference; lastKnownFileType = sourcecode.swift; path = "GoodWeatherViewC+TableView.swift"; sourceTree = "<group>"; };
		8D59577F2B7B4D97005388D8 /* GoodWeatherTableViewCell.swift */ = {isa = PBXFileReference; lastKnownFileType = sourcecode.swift; path = GoodWeatherTableViewCell.swift; sourceTree = "<group>"; };
		8D5957802B7B4D97005388D8 /* GoodWeatherTableViewCell.xib */ = {isa = PBXFileReference; lastKnownFileType = file.xib; path = GoodWeatherTableViewCell.xib; sourceTree = "<group>"; };
		8D5957862B7B61DD005388D8 /* SettingsViewC.swift */ = {isa = PBXFileReference; lastKnownFileType = sourcecode.swift; path = SettingsViewC.swift; sourceTree = "<group>"; };
		8D5957882B7B620D005388D8 /* SettingsViewC+CutomMethods.swift */ = {isa = PBXFileReference; lastKnownFileType = sourcecode.swift; path = "SettingsViewC+CutomMethods.swift"; sourceTree = "<group>"; };
		8D59578A2B7B624A005388D8 /* SettingsViewC+TableView.swift */ = {isa = PBXFileReference; lastKnownFileType = sourcecode.swift; path = "SettingsViewC+TableView.swift"; sourceTree = "<group>"; };
		8D774CA72B79F3F20061569C /* SuperHeros.storyboard */ = {isa = PBXFileReference; lastKnownFileType = file.storyboard; path = SuperHeros.storyboard; sourceTree = "<group>"; };
		8D8281702B735C2300603977 /* Demo_MVVM_iOS.app */ = {isa = PBXFileReference; explicitFileType = wrapper.application; includeInIndex = 0; path = Demo_MVVM_iOS.app; sourceTree = BUILT_PRODUCTS_DIR; };
		8D8281732B735C2300603977 /* AppDelegate.swift */ = {isa = PBXFileReference; lastKnownFileType = sourcecode.swift; path = AppDelegate.swift; sourceTree = "<group>"; };
		8D8281752B735C2300603977 /* SceneDelegate.swift */ = {isa = PBXFileReference; lastKnownFileType = sourcecode.swift; path = SceneDelegate.swift; sourceTree = "<group>"; };
		8D8281772B735C2300603977 /* ViewController.swift */ = {isa = PBXFileReference; lastKnownFileType = sourcecode.swift; path = ViewController.swift; sourceTree = "<group>"; };
		8D82817A2B735C2300603977 /* Base */ = {isa = PBXFileReference; lastKnownFileType = file.storyboard; name = Base; path = Base.lproj/Main.storyboard; sourceTree = "<group>"; };
		8D82817C2B735C2500603977 /* Assets.xcassets */ = {isa = PBXFileReference; lastKnownFileType = folder.assetcatalog; path = Assets.xcassets; sourceTree = "<group>"; };
		8D82817F2B735C2500603977 /* Base */ = {isa = PBXFileReference; lastKnownFileType = file.storyboard; name = Base; path = Base.lproj/LaunchScreen.storyboard; sourceTree = "<group>"; };
		8D8281812B735C2500603977 /* Info.plist */ = {isa = PBXFileReference; lastKnownFileType = text.plist.xml; path = Info.plist; sourceTree = "<group>"; };
		8D8281862B735C2500603977 /* Demo_MVVM_iOSTests.xctest */ = {isa = PBXFileReference; explicitFileType = wrapper.cfbundle; includeInIndex = 0; path = Demo_MVVM_iOSTests.xctest; sourceTree = BUILT_PRODUCTS_DIR; };
		8D82818A2B735C2500603977 /* Demo_MVVM_iOSTests.swift */ = {isa = PBXFileReference; lastKnownFileType = sourcecode.swift; path = Demo_MVVM_iOSTests.swift; sourceTree = "<group>"; };
		8D8281902B735C2500603977 /* Demo_MVVM_iOSUITests.xctest */ = {isa = PBXFileReference; explicitFileType = wrapper.cfbundle; includeInIndex = 0; path = Demo_MVVM_iOSUITests.xctest; sourceTree = BUILT_PRODUCTS_DIR; };
		8D8281942B735C2500603977 /* Demo_MVVM_iOSUITests.swift */ = {isa = PBXFileReference; lastKnownFileType = sourcecode.swift; path = Demo_MVVM_iOSUITests.swift; sourceTree = "<group>"; };
		8D8281962B735C2500603977 /* Demo_MVVM_iOSUITestsLaunchTests.swift */ = {isa = PBXFileReference; lastKnownFileType = sourcecode.swift; path = Demo_MVVM_iOSUITestsLaunchTests.swift; sourceTree = "<group>"; };
		8D850E1B2B7775C500880B1D /* MarvelSuperHeroListViewC+TableView.swift */ = {isa = PBXFileReference; lastKnownFileType = sourcecode.swift; path = "MarvelSuperHeroListViewC+TableView.swift"; sourceTree = "<group>"; };
		8D8E435B2B7A0EA500AB7FB1 /* AddCityScreenViewC.swift */ = {isa = PBXFileReference; lastKnownFileType = sourcecode.swift; path = AddCityScreenViewC.swift; sourceTree = "<group>"; };
		8D8E435D2B7A0EFB00AB7FB1 /* AddCityScreenViewC+CustomMethods.swift */ = {isa = PBXFileReference; lastKnownFileType = sourcecode.swift; path = "AddCityScreenViewC+CustomMethods.swift"; sourceTree = "<group>"; };
		8DE2DA772B7A01BF00915C6D /* GoodWeather.storyboard */ = {isa = PBXFileReference; lastKnownFileType = file.storyboard; path = GoodWeather.storyboard; sourceTree = "<group>"; };
		8DE2DA7B2B7A0A1500915C6D /* GoodWeatherViewC.swift */ = {isa = PBXFileReference; lastKnownFileType = sourcecode.swift; path = GoodWeatherViewC.swift; sourceTree = "<group>"; };
		8DE2DA7D2B7A0B8500915C6D /* GoodWeatherViewC+CustomMethods.swift */ = {isa = PBXFileReference; lastKnownFileType = sourcecode.swift; path = "GoodWeatherViewC+CustomMethods.swift"; sourceTree = "<group>"; };
		92FA5D4245B2B31426B74BE5 /* Pods_Demo_MVVM_iOS.framework */ = {isa = PBXFileReference; explicitFileType = wrapper.framework; includeInIndex = 0; path = Pods_Demo_MVVM_iOS.framework; sourceTree = BUILT_PRODUCTS_DIR; };
		9CC377C312B06EE58CEAF59B /* Pods-Demo_MVVM_iOS-Demo_MVVM_iOSUITests.debug.xcconfig */ = {isa = PBXFileReference; includeInIndex = 1; lastKnownFileType = text.xcconfig; name = "Pods-Demo_MVVM_iOS-Demo_MVVM_iOSUITests.debug.xcconfig"; path = "Target Support Files/Pods-Demo_MVVM_iOS-Demo_MVVM_iOSUITests/Pods-Demo_MVVM_iOS-Demo_MVVM_iOSUITests.debug.xcconfig"; sourceTree = "<group>"; };
		9D37C99E2B7BFBB0000E5073 /* GoodWeatherModel.swift */ = {isa = PBXFileReference; lastKnownFileType = sourcecode.swift; path = GoodWeatherModel.swift; sourceTree = "<group>"; };
		9D37C9A12B7C00F7000E5073 /* AddWeatherVM.swift */ = {isa = PBXFileReference; lastKnownFileType = sourcecode.swift; path = AddWeatherVM.swift; sourceTree = "<group>"; };
		9D37C9A42B7C012A000E5073 /* Constants.swift */ = {isa = PBXFileReference; lastKnownFileType = sourcecode.swift; path = Constants.swift; sourceTree = "<group>"; };
		9D6A20962B77A53A00E67382 /* UIImageView+Extension.swift */ = {isa = PBXFileReference; lastKnownFileType = sourcecode.swift; path = "UIImageView+Extension.swift"; sourceTree = "<group>"; };
		9D9A53552B76A84500D9DF70 /* WebServiceManager.swift */ = {isa = PBXFileReference; lastKnownFileType = sourcecode.swift; path = WebServiceManager.swift; sourceTree = "<group>"; };
		9D9A53582B76AE5500D9DF70 /* DataError.swift */ = {isa = PBXFileReference; lastKnownFileType = sourcecode.swift; path = DataError.swift; sourceTree = "<group>"; };
		9D9A536A2B76C9A700D9DF70 /* UIView+Extension.swift */ = {isa = PBXFileReference; lastKnownFileType = sourcecode.swift; path = "UIView+Extension.swift"; sourceTree = "<group>"; };
		9D9A536C2B76CEB100D9DF70 /* UITableView+Extension.swift */ = {isa = PBXFileReference; lastKnownFileType = sourcecode.swift; path = "UITableView+Extension.swift"; sourceTree = "<group>"; };
		9D9A536E2B76D04300D9DF70 /* NSObject+Extension.swift */ = {isa = PBXFileReference; lastKnownFileType = sourcecode.swift; path = "NSObject+Extension.swift"; sourceTree = "<group>"; };
		9D9A53732B773BF300D9DF70 /* MarvelSuperHeroListViewC.swift */ = {isa = PBXFileReference; lastKnownFileType = sourcecode.swift; path = MarvelSuperHeroListViewC.swift; sourceTree = "<group>"; };
		9D9A53752B773C1800D9DF70 /* MarvelSuperHeroListViewC+CustomMethods.swift */ = {isa = PBXFileReference; lastKnownFileType = sourcecode.swift; path = "MarvelSuperHeroListViewC+CustomMethods.swift"; sourceTree = "<group>"; };
		9D9A53792B773DDE00D9DF70 /* MarvelSuperHeroTableViewCell.swift */ = {isa = PBXFileReference; lastKnownFileType = sourcecode.swift; path = MarvelSuperHeroTableViewCell.swift; sourceTree = "<group>"; };
		9D9A537A2B773DDE00D9DF70 /* MarvelSuperHeroTableViewCell.xib */ = {isa = PBXFileReference; lastKnownFileType = file.xib; path = MarvelSuperHeroTableViewCell.xib; sourceTree = "<group>"; };
		9D9A537F2B7742FC00D9DF70 /* MarvelSuperHeroModel.swift */ = {isa = PBXFileReference; lastKnownFileType = sourcecode.swift; path = MarvelSuperHeroModel.swift; sourceTree = "<group>"; };
		9D9A53812B774B3400D9DF70 /* HttpMethod.swift */ = {isa = PBXFileReference; lastKnownFileType = sourcecode.swift; path = HttpMethod.swift; sourceTree = "<group>"; };
		9D9A53832B774D5C00D9DF70 /* Resource.swift */ = {isa = PBXFileReference; lastKnownFileType = sourcecode.swift; path = Resource.swift; sourceTree = "<group>"; };
		9D9A53852B7751A000D9DF70 /* Reachability.swift */ = {isa = PBXFileReference; lastKnownFileType = sourcecode.swift; path = Reachability.swift; sourceTree = "<group>"; };
		9D9A53882B77564B00D9DF70 /* MarvelSuperHeroVM.swift */ = {isa = PBXFileReference; lastKnownFileType = sourcecode.swift; path = MarvelSuperHeroVM.swift; sourceTree = "<group>"; };
		9D9CE2F82B75E4A400B1118C /* GoogleService-Info.plist */ = {isa = PBXFileReference; fileEncoding = 4; lastKnownFileType = text.plist.xml; path = "GoogleService-Info.plist"; sourceTree = "<group>"; };
		9DAB55F62B7BDBCD00E28242 /* SettingsTableViewCell.swift */ = {isa = PBXFileReference; lastKnownFileType = sourcecode.swift; path = SettingsTableViewCell.swift; sourceTree = "<group>"; };
		9DAB55F72B7BDBCD00E28242 /* SettingsTableViewCell.xib */ = {isa = PBXFileReference; lastKnownFileType = file.xib; path = SettingsTableViewCell.xib; sourceTree = "<group>"; };
		9DAE3A3B2B7D1611009C9569 /* GoodWeatherListVM.swift */ = {isa = PBXFileReference; lastKnownFileType = sourcecode.swift; path = GoodWeatherListVM.swift; sourceTree = "<group>"; };
		9DAE3A3D2B7D200E009C9569 /* AddCityScreenViewC+UITextFieldDelegate.swift */ = {isa = PBXFileReference; lastKnownFileType = sourcecode.swift; path = "AddCityScreenViewC+UITextFieldDelegate.swift"; sourceTree = "<group>"; };
		9DDEDBF12B77E4F50036365F /* String+Extension.swift */ = {isa = PBXFileReference; lastKnownFileType = sourcecode.swift; path = "String+Extension.swift"; sourceTree = "<group>"; };
		9DDEDBF62B77EDDB0036365F /* GlobalLoader.swift */ = {isa = PBXFileReference; lastKnownFileType = sourcecode.swift; path = GlobalLoader.swift; sourceTree = "<group>"; };
		9DDEDBF92B77F3AF0036365F /* AppText.swift */ = {isa = PBXFileReference; lastKnownFileType = sourcecode.swift; path = AppText.swift; sourceTree = "<group>"; };
		9DDEDBFE2B77FF5C0036365F /* ToastManager.swift */ = {isa = PBXFileReference; lastKnownFileType = sourcecode.swift; path = ToastManager.swift; sourceTree = "<group>"; };
/* End PBXFileReference section */

/* Begin PBXFrameworksBuildPhase section */
		8D82816D2B735C2300603977 /* Frameworks */ = {
			isa = PBXFrameworksBuildPhase;
			buildActionMask = 2147483647;
			files = (
				9DDEDBFD2B77FEBA0036365F /* Toast in Frameworks */,
				9D6A20952B77904A00E67382 /* SDWebImage in Frameworks */,
				9DDEDBF52B77EC560036365F /* SwiftLoader in Frameworks */,
				5FA2EA6863BF714FC7F141E5 /* Pods_Demo_MVVM_iOS.framework in Frameworks */,
			);
			runOnlyForDeploymentPostprocessing = 0;
		};
		8D8281832B735C2500603977 /* Frameworks */ = {
			isa = PBXFrameworksBuildPhase;
			buildActionMask = 2147483647;
			files = (
				F2D2CDB933C968C84F790DD7 /* Pods_Demo_MVVM_iOSTests.framework in Frameworks */,
			);
			runOnlyForDeploymentPostprocessing = 0;
		};
		8D82818D2B735C2500603977 /* Frameworks */ = {
			isa = PBXFrameworksBuildPhase;
			buildActionMask = 2147483647;
			files = (
				56E44E897BB69BD7E9AD78D9 /* Pods_Demo_MVVM_iOS_Demo_MVVM_iOSUITests.framework in Frameworks */,
			);
			runOnlyForDeploymentPostprocessing = 0;
		};
/* End PBXFrameworksBuildPhase section */

/* Begin PBXGroup section */
		8D59577D2B7B4D2D005388D8 /* GoodWeatherController */ = {
			isa = PBXGroup;
			children = (
				8DE2DA7B2B7A0A1500915C6D /* GoodWeatherViewC.swift */,
				8DE2DA7D2B7A0B8500915C6D /* GoodWeatherViewC+CustomMethods.swift */,
				8D5957342B7B325A005388D8 /* GoodWeatherViewC+TableView.swift */,
			);
			path = GoodWeatherController;
			sourceTree = "<group>";
		};
		8D59577E2B7B4D4D005388D8 /* GoodWeatherCellAndXib */ = {
			isa = PBXGroup;
			children = (
				8D59577F2B7B4D97005388D8 /* GoodWeatherTableViewCell.swift */,
				8D5957802B7B4D97005388D8 /* GoodWeatherTableViewCell.xib */,
			);
			path = GoodWeatherCellAndXib;
			sourceTree = "<group>";
		};
		8D5957832B7B60C1005388D8 /* AddCityController */ = {
			isa = PBXGroup;
			children = (
				8D8E435B2B7A0EA500AB7FB1 /* AddCityScreenViewC.swift */,
				8D8E435D2B7A0EFB00AB7FB1 /* AddCityScreenViewC+CustomMethods.swift */,
				9DAE3A3D2B7D200E009C9569 /* AddCityScreenViewC+UITextFieldDelegate.swift */,
			);
			path = AddCityController;
			sourceTree = "<group>";
		};
		8D5957842B7B6188005388D8 /* SettingsScreen */ = {
			isa = PBXGroup;
			children = (
				8D5957852B7B61B3005388D8 /* SettingsController */,
				9DAB55F52B7BDB9B00E28242 /* SettingsTableViewCellAndXib */,
			);
			path = SettingsScreen;
			sourceTree = "<group>";
		};
		8D5957852B7B61B3005388D8 /* SettingsController */ = {
			isa = PBXGroup;
			children = (
				8D5957862B7B61DD005388D8 /* SettingsViewC.swift */,
				8D5957882B7B620D005388D8 /* SettingsViewC+CutomMethods.swift */,
				8D59578A2B7B624A005388D8 /* SettingsViewC+TableView.swift */,
			);
			path = SettingsController;
			sourceTree = "<group>";
		};
		8D8281672B735C2300603977 = {
			isa = PBXGroup;
			children = (
				8D8281722B735C2300603977 /* Demo_MVVM_iOS */,
				8D8281892B735C2500603977 /* Demo_MVVM_iOSTests */,
				8D8281932B735C2500603977 /* Demo_MVVM_iOSUITests */,
				8D8281712B735C2300603977 /* Products */,
				C4A33B8EEA4E2CBBC566AACD /* Pods */,
				D401D08F4737CA778B3F4937 /* Frameworks */,
			);
			sourceTree = "<group>";
		};
		8D8281712B735C2300603977 /* Products */ = {
			isa = PBXGroup;
			children = (
				8D8281702B735C2300603977 /* Demo_MVVM_iOS.app */,
				8D8281862B735C2500603977 /* Demo_MVVM_iOSTests.xctest */,
				8D8281902B735C2500603977 /* Demo_MVVM_iOSUITests.xctest */,
			);
			name = Products;
			sourceTree = "<group>";
		};
		8D8281722B735C2300603977 /* Demo_MVVM_iOS */ = {
			isa = PBXGroup;
			children = (
				9D37C9A32B7C011A000E5073 /* Utils */,
				9D9A53542B76A81E00D9DF70 /* Helper */,
				8D8281A32B736CDA00603977 /* SystemFiles */,
				8D8281A42B736CEA00603977 /* Storyboards */,
				9D9A535A2B76B26500D9DF70 /* Screens */,
				8D8281A62B736CFE00603977 /* ResourceFiles */,
				8D8281812B735C2500603977 /* Info.plist */,
				9D9CE2F82B75E4A400B1118C /* GoogleService-Info.plist */,
			);
			path = Demo_MVVM_iOS;
			sourceTree = "<group>";
		};
		8D8281892B735C2500603977 /* Demo_MVVM_iOSTests */ = {
			isa = PBXGroup;
			children = (
				8D82818A2B735C2500603977 /* Demo_MVVM_iOSTests.swift */,
			);
			path = Demo_MVVM_iOSTests;
			sourceTree = "<group>";
		};
		8D8281932B735C2500603977 /* Demo_MVVM_iOSUITests */ = {
			isa = PBXGroup;
			children = (
				8D8281942B735C2500603977 /* Demo_MVVM_iOSUITests.swift */,
				8D8281962B735C2500603977 /* Demo_MVVM_iOSUITestsLaunchTests.swift */,
			);
			path = Demo_MVVM_iOSUITests;
			sourceTree = "<group>";
		};
		8D8281A32B736CDA00603977 /* SystemFiles */ = {
			isa = PBXGroup;
			children = (
				8D8281732B735C2300603977 /* AppDelegate.swift */,
				8D8281752B735C2300603977 /* SceneDelegate.swift */,
				8D8281772B735C2300603977 /* ViewController.swift */,
			);
			path = SystemFiles;
			sourceTree = "<group>";
		};
		8D8281A42B736CEA00603977 /* Storyboards */ = {
			isa = PBXGroup;
			children = (
				8D82817E2B735C2500603977 /* LaunchScreen.storyboard */,
				8D8281792B735C2300603977 /* Main.storyboard */,
				8D774CA72B79F3F20061569C /* SuperHeros.storyboard */,
				8DE2DA772B7A01BF00915C6D /* GoodWeather.storyboard */,
			);
			path = Storyboards;
			sourceTree = "<group>";
		};
		8D8281A52B736CF600603977 /* Assets */ = {
			isa = PBXGroup;
			children = (
				8D82817C2B735C2500603977 /* Assets.xcassets */,
			);
			path = Assets;
			sourceTree = "<group>";
		};
		8D8281A62B736CFE00603977 /* ResourceFiles */ = {
			isa = PBXGroup;
			children = (
				9DDEDBF82B77F3760036365F /* AppTest */,
				8D8281A52B736CF600603977 /* Assets */,
			);
			path = ResourceFiles;
			sourceTree = "<group>";
		};
		8DE2DA792B7A09BC00915C6D /* GoodWeatherScreens */ = {
			isa = PBXGroup;
			children = (
				8D5957842B7B6188005388D8 /* SettingsScreen */,
				8DE2DA7A2B7A09E600915C6D /* GoodWeatherScreen */,
				8DE2DA7F2B7A0CB300915C6D /* AddCityScreen */,
			);
			path = GoodWeatherScreens;
			sourceTree = "<group>";
		};
		8DE2DA7A2B7A09E600915C6D /* GoodWeatherScreen */ = {
			isa = PBXGroup;
			children = (
				9D37C9A62B7C05B2000E5073 /* GoodWeatherDataModel */,
				9DAE3A3A2B7D15FE009C9569 /* GoodWeatherListVM */,
				8D59577D2B7B4D2D005388D8 /* GoodWeatherController */,
				8D59577E2B7B4D4D005388D8 /* GoodWeatherCellAndXib */,
			);
			path = GoodWeatherScreen;
			sourceTree = "<group>";
		};
		8DE2DA7F2B7A0CB300915C6D /* AddCityScreen */ = {
			isa = PBXGroup;
			children = (
				9D37C9A02B7C00E4000E5073 /* AddWeatherVM */,
				8D5957832B7B60C1005388D8 /* AddCityController */,
			);
			path = AddCityScreen;
			sourceTree = "<group>";
		};
		9D37C9A02B7C00E4000E5073 /* AddWeatherVM */ = {
			isa = PBXGroup;
			children = (
				9D37C9A12B7C00F7000E5073 /* AddWeatherVM.swift */,
			);
			path = AddWeatherVM;
			sourceTree = "<group>";
		};
		9D37C9A32B7C011A000E5073 /* Utils */ = {
			isa = PBXGroup;
			children = (
				9D37C9A42B7C012A000E5073 /* Constants.swift */,
			);
			path = Utils;
			sourceTree = "<group>";
		};
		9D37C9A62B7C05B2000E5073 /* GoodWeatherDataModel */ = {
			isa = PBXGroup;
			children = (
				9D37C99E2B7BFBB0000E5073 /* GoodWeatherModel.swift */,
			);
			path = GoodWeatherDataModel;
			sourceTree = "<group>";
		};
		9D9A53542B76A81E00D9DF70 /* Helper */ = {
			isa = PBXGroup;
			children = (
				9D9A53692B76C98B00D9DF70 /* Extensions */,
				9D9A53572B76AE3000D9DF70 /* WebService */,
			);
			path = Helper;
			sourceTree = "<group>";
		};
		9D9A53572B76AE3000D9DF70 /* WebService */ = {
			isa = PBXGroup;
			children = (
				9D9A53812B774B3400D9DF70 /* HttpMethod.swift */,
				9D9A53582B76AE5500D9DF70 /* DataError.swift */,
				9D9A53832B774D5C00D9DF70 /* Resource.swift */,
				9D9A53852B7751A000D9DF70 /* Reachability.swift */,
				9D9A53552B76A84500D9DF70 /* WebServiceManager.swift */,
				9DDEDBF62B77EDDB0036365F /* GlobalLoader.swift */,
				9DDEDBFE2B77FF5C0036365F /* ToastManager.swift */,
			);
			path = WebService;
			sourceTree = "<group>";
		};
		9D9A535A2B76B26500D9DF70 /* Screens */ = {
			isa = PBXGroup;
			children = (
				9D9A53722B773BAA00D9DF70 /* MarvelSuperHeroListScreen */,
				8DE2DA792B7A09BC00915C6D /* GoodWeatherScreens */,
			);
			path = Screens;
			sourceTree = "<group>";
		};
		9D9A53692B76C98B00D9DF70 /* Extensions */ = {
			isa = PBXGroup;
			children = (
				9D9A536A2B76C9A700D9DF70 /* UIView+Extension.swift */,
				9D9A536C2B76CEB100D9DF70 /* UITableView+Extension.swift */,
				9D9A536E2B76D04300D9DF70 /* NSObject+Extension.swift */,
				9D6A20962B77A53A00E67382 /* UIImageView+Extension.swift */,
				9DDEDBF12B77E4F50036365F /* String+Extension.swift */,
			);
			path = Extensions;
			sourceTree = "<group>";
		};
		9D9A53722B773BAA00D9DF70 /* MarvelSuperHeroListScreen */ = {
			isa = PBXGroup;
			children = (
				9D9A537E2B77417700D9DF70 /* MarvelSuperHeroModels */,
				9D9A53872B7755C000D9DF70 /* MarvelSuperHeroVM */,
				9D9A537D2B773FA800D9DF70 /* MarvelSuperHeroController */,
				9D9A53782B773D9300D9DF70 /* MarvelSuperHeroTableViewCell&Xib */,
			);
			path = MarvelSuperHeroListScreen;
			sourceTree = "<group>";
		};
		9D9A53782B773D9300D9DF70 /* MarvelSuperHeroTableViewCell&Xib */ = {
			isa = PBXGroup;
			children = (
				9D9A53792B773DDE00D9DF70 /* MarvelSuperHeroTableViewCell.swift */,
				9D9A537A2B773DDE00D9DF70 /* MarvelSuperHeroTableViewCell.xib */,
			);
			path = "MarvelSuperHeroTableViewCell&Xib";
			sourceTree = "<group>";
		};
		9D9A537D2B773FA800D9DF70 /* MarvelSuperHeroController */ = {
			isa = PBXGroup;
			children = (
				9D9A53732B773BF300D9DF70 /* MarvelSuperHeroListViewC.swift */,
				9D9A53752B773C1800D9DF70 /* MarvelSuperHeroListViewC+CustomMethods.swift */,
				8D850E1B2B7775C500880B1D /* MarvelSuperHeroListViewC+TableView.swift */,
			);
			path = MarvelSuperHeroController;
			sourceTree = "<group>";
		};
		9D9A537E2B77417700D9DF70 /* MarvelSuperHeroModels */ = {
			isa = PBXGroup;
			children = (
				9D9A537F2B7742FC00D9DF70 /* MarvelSuperHeroModel.swift */,
			);
			path = MarvelSuperHeroModels;
			sourceTree = "<group>";
		};
		9D9A53872B7755C000D9DF70 /* MarvelSuperHeroVM */ = {
			isa = PBXGroup;
			children = (
				9D9A53882B77564B00D9DF70 /* MarvelSuperHeroVM.swift */,
			);
			path = MarvelSuperHeroVM;
			sourceTree = "<group>";
		};
		9DAB55F52B7BDB9B00E28242 /* SettingsTableViewCellAndXib */ = {
			isa = PBXGroup;
			children = (
				9DAB55F62B7BDBCD00E28242 /* SettingsTableViewCell.swift */,
				9DAB55F72B7BDBCD00E28242 /* SettingsTableViewCell.xib */,
			);
			path = SettingsTableViewCellAndXib;
			sourceTree = "<group>";
		};
		9DAE3A3A2B7D15FE009C9569 /* GoodWeatherListVM */ = {
			isa = PBXGroup;
			children = (
				9DAE3A3B2B7D1611009C9569 /* GoodWeatherListVM.swift */,
			);
			path = GoodWeatherListVM;
			sourceTree = "<group>";
		};
		9DDEDBF82B77F3760036365F /* AppTest */ = {
			isa = PBXGroup;
			children = (
				9DDEDBF92B77F3AF0036365F /* AppText.swift */,
			);
			path = AppTest;
			sourceTree = "<group>";
		};
		C4A33B8EEA4E2CBBC566AACD /* Pods */ = {
			isa = PBXGroup;
			children = (
				34EE49A3EF3505C6F0EE290A /* Pods-Demo_MVVM_iOS.debug.xcconfig */,
				66B57A2EE664D79E1B8C33FD /* Pods-Demo_MVVM_iOS.release.xcconfig */,
				9CC377C312B06EE58CEAF59B /* Pods-Demo_MVVM_iOS-Demo_MVVM_iOSUITests.debug.xcconfig */,
				29D60F2EEC2735BF920C6739 /* Pods-Demo_MVVM_iOS-Demo_MVVM_iOSUITests.release.xcconfig */,
				45CBA3D0F1EC80967E62ECBA /* Pods-Demo_MVVM_iOSTests.debug.xcconfig */,
				50631FD7053713537741BAC7 /* Pods-Demo_MVVM_iOSTests.release.xcconfig */,
			);
			path = Pods;
			sourceTree = "<group>";
		};
		D401D08F4737CA778B3F4937 /* Frameworks */ = {
			isa = PBXGroup;
			children = (
				92FA5D4245B2B31426B74BE5 /* Pods_Demo_MVVM_iOS.framework */,
				5028D5EE108831DB1E32B089 /* Pods_Demo_MVVM_iOS_Demo_MVVM_iOSUITests.framework */,
				472D8222E9497010945C1EA7 /* Pods_Demo_MVVM_iOSTests.framework */,
			);
			name = Frameworks;
			sourceTree = "<group>";
		};
/* End PBXGroup section */

/* Begin PBXNativeTarget section */
		8D82816F2B735C2300603977 /* Demo_MVVM_iOS */ = {
			isa = PBXNativeTarget;
			buildConfigurationList = 8D82819A2B735C2500603977 /* Build configuration list for PBXNativeTarget "Demo_MVVM_iOS" */;
			buildPhases = (
				0E1D808F57F7C7A979B34CBB /* [CP] Check Pods Manifest.lock */,
				8D934C642B74D648008460AC /* ShellScript */,
				9D9CE2FA2B75E65000B1118C /* Crashlytics */,
				8D82816C2B735C2300603977 /* Sources */,
				8D82816D2B735C2300603977 /* Frameworks */,
				8D82816E2B735C2300603977 /* Resources */,
				B34C9AFCB79FA8C87FEA1053 /* [CP] Embed Pods Frameworks */,
			);
			buildRules = (
			);
			dependencies = (
			);
			name = Demo_MVVM_iOS;
			packageProductDependencies = (
				9D6A20942B77904A00E67382 /* SDWebImage */,
				9DDEDBF42B77EC560036365F /* SwiftLoader */,
				9DDEDBFC2B77FEBA0036365F /* Toast */,
			);
			productName = Demo_MVVM_iOS;
			productReference = 8D8281702B735C2300603977 /* Demo_MVVM_iOS.app */;
			productType = "com.apple.product-type.application";
		};
		8D8281852B735C2500603977 /* Demo_MVVM_iOSTests */ = {
			isa = PBXNativeTarget;
			buildConfigurationList = 8D82819D2B735C2500603977 /* Build configuration list for PBXNativeTarget "Demo_MVVM_iOSTests" */;
			buildPhases = (
				D84E945BA639B4FC47DE913A /* [CP] Check Pods Manifest.lock */,
				8D8281822B735C2500603977 /* Sources */,
				8D8281832B735C2500603977 /* Frameworks */,
				8D8281842B735C2500603977 /* Resources */,
			);
			buildRules = (
			);
			dependencies = (
				8D8281882B735C2500603977 /* PBXTargetDependency */,
			);
			name = Demo_MVVM_iOSTests;
			productName = Demo_MVVM_iOSTests;
			productReference = 8D8281862B735C2500603977 /* Demo_MVVM_iOSTests.xctest */;
			productType = "com.apple.product-type.bundle.unit-test";
		};
		8D82818F2B735C2500603977 /* Demo_MVVM_iOSUITests */ = {
			isa = PBXNativeTarget;
			buildConfigurationList = 8D8281A02B735C2500603977 /* Build configuration list for PBXNativeTarget "Demo_MVVM_iOSUITests" */;
			buildPhases = (
				38FECE2DBB5C2799A4831E54 /* [CP] Check Pods Manifest.lock */,
				8D82818C2B735C2500603977 /* Sources */,
				8D82818D2B735C2500603977 /* Frameworks */,
				8D82818E2B735C2500603977 /* Resources */,
				56C5D6F0B25E9719EBAC6281 /* [CP] Embed Pods Frameworks */,
			);
			buildRules = (
			);
			dependencies = (
				8D8281922B735C2500603977 /* PBXTargetDependency */,
			);
			name = Demo_MVVM_iOSUITests;
			productName = Demo_MVVM_iOSUITests;
			productReference = 8D8281902B735C2500603977 /* Demo_MVVM_iOSUITests.xctest */;
			productType = "com.apple.product-type.bundle.ui-testing";
		};
/* End PBXNativeTarget section */

/* Begin PBXProject section */
		8D8281682B735C2300603977 /* Project object */ = {
			isa = PBXProject;
			attributes = {
				BuildIndependentTargetsInParallel = 1;
				LastSwiftUpdateCheck = 1520;
				LastUpgradeCheck = 1520;
				TargetAttributes = {
					8D82816F2B735C2300603977 = {
						CreatedOnToolsVersion = 15.2;
					};
					8D8281852B735C2500603977 = {
						CreatedOnToolsVersion = 15.2;
						TestTargetID = 8D82816F2B735C2300603977;
					};
					8D82818F2B735C2500603977 = {
						CreatedOnToolsVersion = 15.2;
						TestTargetID = 8D82816F2B735C2300603977;
					};
				};
			};
			buildConfigurationList = 8D82816B2B735C2300603977 /* Build configuration list for PBXProject "Demo_MVVM_iOS" */;
			compatibilityVersion = "Xcode 14.0";
			developmentRegion = en;
			hasScannedForEncodings = 0;
			knownRegions = (
				en,
				Base,
			);
			mainGroup = 8D8281672B735C2300603977;
			packageReferences = (
				9D6A20932B77904A00E67382 /* XCRemoteSwiftPackageReference "SDWebImage" */,
				9DDEDBF32B77EC560036365F /* XCRemoteSwiftPackageReference "SwiftLoader" */,
				9DDEDBFB2B77FEBA0036365F /* XCRemoteSwiftPackageReference "toast-swift" */,
			);
			productRefGroup = 8D8281712B735C2300603977 /* Products */;
			projectDirPath = "";
			projectRoot = "";
			targets = (
				8D82816F2B735C2300603977 /* Demo_MVVM_iOS */,
				8D8281852B735C2500603977 /* Demo_MVVM_iOSTests */,
				8D82818F2B735C2500603977 /* Demo_MVVM_iOSUITests */,
			);
		};
/* End PBXProject section */

/* Begin PBXResourcesBuildPhase section */
		8D82816E2B735C2300603977 /* Resources */ = {
			isa = PBXResourcesBuildPhase;
			buildActionMask = 2147483647;
			files = (
				8D8281802B735C2500603977 /* LaunchScreen.storyboard in Resources */,
				9D9A537C2B773DDE00D9DF70 /* MarvelSuperHeroTableViewCell.xib in Resources */,
				8DE2DA782B7A01BF00915C6D /* GoodWeather.storyboard in Resources */,
				9DAB55F92B7BDBCD00E28242 /* SettingsTableViewCell.xib in Resources */,
				8D774CA82B79F3F20061569C /* SuperHeros.storyboard in Resources */,
				9D9CE2F92B75E4A400B1118C /* GoogleService-Info.plist in Resources */,
				8D5957822B7B4D97005388D8 /* GoodWeatherTableViewCell.xib in Resources */,
				8D82817D2B735C2500603977 /* Assets.xcassets in Resources */,
				8D82817B2B735C2300603977 /* Main.storyboard in Resources */,
			);
			runOnlyForDeploymentPostprocessing = 0;
		};
		8D8281842B735C2500603977 /* Resources */ = {
			isa = PBXResourcesBuildPhase;
			buildActionMask = 2147483647;
			files = (
			);
			runOnlyForDeploymentPostprocessing = 0;
		};
		8D82818E2B735C2500603977 /* Resources */ = {
			isa = PBXResourcesBuildPhase;
			buildActionMask = 2147483647;
			files = (
			);
			runOnlyForDeploymentPostprocessing = 0;
		};
/* End PBXResourcesBuildPhase section */

/* Begin PBXShellScriptBuildPhase section */
		0E1D808F57F7C7A979B34CBB /* [CP] Check Pods Manifest.lock */ = {
			isa = PBXShellScriptBuildPhase;
			buildActionMask = 2147483647;
			files = (
			);
			inputFileListPaths = (
			);
			inputPaths = (
				"${PODS_PODFILE_DIR_PATH}/Podfile.lock",
				"${PODS_ROOT}/Manifest.lock",
			);
			name = "[CP] Check Pods Manifest.lock";
			outputFileListPaths = (
			);
			outputPaths = (
				"$(DERIVED_FILE_DIR)/Pods-Demo_MVVM_iOS-checkManifestLockResult.txt",
			);
			runOnlyForDeploymentPostprocessing = 0;
			shellPath = /bin/sh;
			shellScript = "diff \"${PODS_PODFILE_DIR_PATH}/Podfile.lock\" \"${PODS_ROOT}/Manifest.lock\" > /dev/null\nif [ $? != 0 ] ; then\n    # print error to STDERR\n    echo \"error: The sandbox is not in sync with the Podfile.lock. Run 'pod install' or update your CocoaPods installation.\" >&2\n    exit 1\nfi\n# This output is used by Xcode 'outputs' to avoid re-running this script phase.\necho \"SUCCESS\" > \"${SCRIPT_OUTPUT_FILE_0}\"\n";
			showEnvVarsInLog = 0;
		};
		38FECE2DBB5C2799A4831E54 /* [CP] Check Pods Manifest.lock */ = {
			isa = PBXShellScriptBuildPhase;
			buildActionMask = 2147483647;
			files = (
			);
			inputFileListPaths = (
			);
			inputPaths = (
				"${PODS_PODFILE_DIR_PATH}/Podfile.lock",
				"${PODS_ROOT}/Manifest.lock",
			);
			name = "[CP] Check Pods Manifest.lock";
			outputFileListPaths = (
			);
			outputPaths = (
				"$(DERIVED_FILE_DIR)/Pods-Demo_MVVM_iOS-Demo_MVVM_iOSUITests-checkManifestLockResult.txt",
			);
			runOnlyForDeploymentPostprocessing = 0;
			shellPath = /bin/sh;
			shellScript = "diff \"${PODS_PODFILE_DIR_PATH}/Podfile.lock\" \"${PODS_ROOT}/Manifest.lock\" > /dev/null\nif [ $? != 0 ] ; then\n    # print error to STDERR\n    echo \"error: The sandbox is not in sync with the Podfile.lock. Run 'pod install' or update your CocoaPods installation.\" >&2\n    exit 1\nfi\n# This output is used by Xcode 'outputs' to avoid re-running this script phase.\necho \"SUCCESS\" > \"${SCRIPT_OUTPUT_FILE_0}\"\n";
			showEnvVarsInLog = 0;
		};
		56C5D6F0B25E9719EBAC6281 /* [CP] Embed Pods Frameworks */ = {
			isa = PBXShellScriptBuildPhase;
			buildActionMask = 2147483647;
			files = (
			);
			inputFileListPaths = (
				"${PODS_ROOT}/Target Support Files/Pods-Demo_MVVM_iOS-Demo_MVVM_iOSUITests/Pods-Demo_MVVM_iOS-Demo_MVVM_iOSUITests-frameworks-${CONFIGURATION}-input-files.xcfilelist",
			);
			name = "[CP] Embed Pods Frameworks";
			outputFileListPaths = (
				"${PODS_ROOT}/Target Support Files/Pods-Demo_MVVM_iOS-Demo_MVVM_iOSUITests/Pods-Demo_MVVM_iOS-Demo_MVVM_iOSUITests-frameworks-${CONFIGURATION}-output-files.xcfilelist",
			);
			runOnlyForDeploymentPostprocessing = 0;
			shellPath = /bin/sh;
			shellScript = "\"${PODS_ROOT}/Target Support Files/Pods-Demo_MVVM_iOS-Demo_MVVM_iOSUITests/Pods-Demo_MVVM_iOS-Demo_MVVM_iOSUITests-frameworks.sh\"\n";
			showEnvVarsInLog = 0;
		};
		8D934C642B74D648008460AC /* ShellScript */ = {
			isa = PBXShellScriptBuildPhase;
			buildActionMask = 2147483647;
			files = (
			);
			inputFileListPaths = (
			);
			inputPaths = (
			);
			outputFileListPaths = (
			);
			outputPaths = (
			);
			runOnlyForDeploymentPostprocessing = 0;
			shellPath = /bin/sh;
			shellScript = "\"${PODS_ROOT}/SwiftLint/swiftlint\"\n";
		};
		9D9CE2FA2B75E65000B1118C /* Crashlytics */ = {
			isa = PBXShellScriptBuildPhase;
			buildActionMask = 8;
			files = (
			);
			inputFileListPaths = (
			);
			inputPaths = (
				"${DWARF_DSYM_FOLDER_PATH}/${DWARF_DSYM_FILE_NAME}",
				"${DWARF_DSYM_FOLDER_PATH}/${DWARF_DSYM_FILE_NAME}/Contents/Resources/DWARF/${PRODUCT_NAME}",
				"${DWARF_DSYM_FOLDER_PATH}/${DWARF_DSYM_FILE_NAME}/Contents/Info.plist",
				"$(TARGET_BUILD_DIR)/$(UNLOCALIZED_RESOURCES_FOLDER_PATH)/GoogleService-Info.plist",
				"$(TARGET_BUILD_DIR)/$(EXECUTABLE_PATH)",
			);
			name = Crashlytics;
			outputFileListPaths = (
			);
			outputPaths = (
			);
			runOnlyForDeploymentPostprocessing = 1;
			shellPath = /bin/sh;
			shellScript = "\"${BUILD_DIR%/Build/*}/SourcePackages/checkouts/firebase-ios-sdk/Crashlytics/run\"\n";
		};
		B34C9AFCB79FA8C87FEA1053 /* [CP] Embed Pods Frameworks */ = {
			isa = PBXShellScriptBuildPhase;
			buildActionMask = 2147483647;
			files = (
			);
			inputFileListPaths = (
				"${PODS_ROOT}/Target Support Files/Pods-Demo_MVVM_iOS/Pods-Demo_MVVM_iOS-frameworks-${CONFIGURATION}-input-files.xcfilelist",
			);
			name = "[CP] Embed Pods Frameworks";
			outputFileListPaths = (
				"${PODS_ROOT}/Target Support Files/Pods-Demo_MVVM_iOS/Pods-Demo_MVVM_iOS-frameworks-${CONFIGURATION}-output-files.xcfilelist",
			);
			runOnlyForDeploymentPostprocessing = 0;
			shellPath = /bin/sh;
			shellScript = "\"${PODS_ROOT}/Target Support Files/Pods-Demo_MVVM_iOS/Pods-Demo_MVVM_iOS-frameworks.sh\"\n";
			showEnvVarsInLog = 0;
		};
		D84E945BA639B4FC47DE913A /* [CP] Check Pods Manifest.lock */ = {
			isa = PBXShellScriptBuildPhase;
			buildActionMask = 2147483647;
			files = (
			);
			inputFileListPaths = (
			);
			inputPaths = (
				"${PODS_PODFILE_DIR_PATH}/Podfile.lock",
				"${PODS_ROOT}/Manifest.lock",
			);
			name = "[CP] Check Pods Manifest.lock";
			outputFileListPaths = (
			);
			outputPaths = (
				"$(DERIVED_FILE_DIR)/Pods-Demo_MVVM_iOSTests-checkManifestLockResult.txt",
			);
			runOnlyForDeploymentPostprocessing = 0;
			shellPath = /bin/sh;
			shellScript = "diff \"${PODS_PODFILE_DIR_PATH}/Podfile.lock\" \"${PODS_ROOT}/Manifest.lock\" > /dev/null\nif [ $? != 0 ] ; then\n    # print error to STDERR\n    echo \"error: The sandbox is not in sync with the Podfile.lock. Run 'pod install' or update your CocoaPods installation.\" >&2\n    exit 1\nfi\n# This output is used by Xcode 'outputs' to avoid re-running this script phase.\necho \"SUCCESS\" > \"${SCRIPT_OUTPUT_FILE_0}\"\n";
			showEnvVarsInLog = 0;
		};
/* End PBXShellScriptBuildPhase section */

/* Begin PBXSourcesBuildPhase section */
		8D82816C2B735C2300603977 /* Sources */ = {
			isa = PBXSourcesBuildPhase;
			buildActionMask = 2147483647;
			files = (
				8DE2DA7E2B7A0B8500915C6D /* GoodWeatherViewC+CustomMethods.swift in Sources */,
				9D37C99F2B7BFBB0000E5073 /* GoodWeatherModel.swift in Sources */,
				9D9A53592B76AE5500D9DF70 /* DataError.swift in Sources */,
				8D5957892B7B620D005388D8 /* SettingsViewC+CutomMethods.swift in Sources */,
				9D9A53742B773BF300D9DF70 /* MarvelSuperHeroListViewC.swift in Sources */,
				9D9A53822B774B3400D9DF70 /* HttpMethod.swift in Sources */,
				9DDEDBF22B77E4F50036365F /* String+Extension.swift in Sources */,
				8D8E435E2B7A0EFB00AB7FB1 /* AddCityScreenViewC+CustomMethods.swift in Sources */,
				9D9A53802B7742FC00D9DF70 /* MarvelSuperHeroModel.swift in Sources */,
				9DDEDBFA2B77F3AF0036365F /* AppText.swift in Sources */,
				9DAE3A3C2B7D1611009C9569 /* GoodWeatherListVM.swift in Sources */,
				9D9A53562B76A84500D9DF70 /* WebServiceManager.swift in Sources */,
				9DAB55F82B7BDBCD00E28242 /* SettingsTableViewCell.swift in Sources */,
				9D9A536B2B76C9A700D9DF70 /* UIView+Extension.swift in Sources */,
				9D9A536F2B76D04300D9DF70 /* NSObject+Extension.swift in Sources */,
				8D8281782B735C2300603977 /* ViewController.swift in Sources */,
				9D9A53862B7751A000D9DF70 /* Reachability.swift in Sources */,
				8D850E1C2B7775C500880B1D /* MarvelSuperHeroListViewC+TableView.swift in Sources */,
				8D59578B2B7B624A005388D8 /* SettingsViewC+TableView.swift in Sources */,
				9D9A53892B77564B00D9DF70 /* MarvelSuperHeroVM.swift in Sources */,
				9D9A537B2B773DDE00D9DF70 /* MarvelSuperHeroTableViewCell.swift in Sources */,
				9D6A20972B77A53A00E67382 /* UIImageView+Extension.swift in Sources */,
				8D5957872B7B61DD005388D8 /* SettingsViewC.swift in Sources */,
				8D5957352B7B325A005388D8 /* GoodWeatherViewC+TableView.swift in Sources */,
				9D9A53762B773C1800D9DF70 /* MarvelSuperHeroListViewC+CustomMethods.swift in Sources */,
				9D9A536D2B76CEB100D9DF70 /* UITableView+Extension.swift in Sources */,
				9D37C9A52B7C012A000E5073 /* Constants.swift in Sources */,
				8D8281742B735C2300603977 /* AppDelegate.swift in Sources */,
				8D8E435C2B7A0EA500AB7FB1 /* AddCityScreenViewC.swift in Sources */,
				9DDEDBF72B77EDDB0036365F /* GlobalLoader.swift in Sources */,
				9DAE3A3E2B7D200E009C9569 /* AddCityScreenViewC+UITextFieldDelegate.swift in Sources */,
				8D8281762B735C2300603977 /* SceneDelegate.swift in Sources */,
				9DDEDBFF2B77FF5C0036365F /* ToastManager.swift in Sources */,
				8DE2DA7C2B7A0A1500915C6D /* GoodWeatherViewC.swift in Sources */,
				9D37C9A22B7C00F7000E5073 /* AddWeatherVM.swift in Sources */,
				8D5957812B7B4D97005388D8 /* GoodWeatherTableViewCell.swift in Sources */,
				9D9A53842B774D5D00D9DF70 /* Resource.swift in Sources */,
			);
			runOnlyForDeploymentPostprocessing = 0;
		};
		8D8281822B735C2500603977 /* Sources */ = {
			isa = PBXSourcesBuildPhase;
			buildActionMask = 2147483647;
			files = (
				8D82818B2B735C2500603977 /* Demo_MVVM_iOSTests.swift in Sources */,
			);
			runOnlyForDeploymentPostprocessing = 0;
		};
		8D82818C2B735C2500603977 /* Sources */ = {
			isa = PBXSourcesBuildPhase;
			buildActionMask = 2147483647;
			files = (
				8D8281952B735C2500603977 /* Demo_MVVM_iOSUITests.swift in Sources */,
				8D8281972B735C2500603977 /* Demo_MVVM_iOSUITestsLaunchTests.swift in Sources */,
			);
			runOnlyForDeploymentPostprocessing = 0;
		};
/* End PBXSourcesBuildPhase section */

/* Begin PBXTargetDependency section */
		8D8281882B735C2500603977 /* PBXTargetDependency */ = {
			isa = PBXTargetDependency;
			target = 8D82816F2B735C2300603977 /* Demo_MVVM_iOS */;
			targetProxy = 8D8281872B735C2500603977 /* PBXContainerItemProxy */;
		};
		8D8281922B735C2500603977 /* PBXTargetDependency */ = {
			isa = PBXTargetDependency;
			target = 8D82816F2B735C2300603977 /* Demo_MVVM_iOS */;
			targetProxy = 8D8281912B735C2500603977 /* PBXContainerItemProxy */;
		};
/* End PBXTargetDependency section */

/* Begin PBXVariantGroup section */
		8D8281792B735C2300603977 /* Main.storyboard */ = {
			isa = PBXVariantGroup;
			children = (
				8D82817A2B735C2300603977 /* Base */,
			);
			name = Main.storyboard;
			sourceTree = "<group>";
		};
		8D82817E2B735C2500603977 /* LaunchScreen.storyboard */ = {
			isa = PBXVariantGroup;
			children = (
				8D82817F2B735C2500603977 /* Base */,
			);
			name = LaunchScreen.storyboard;
			sourceTree = "<group>";
		};
/* End PBXVariantGroup section */

/* Begin XCBuildConfiguration section */
		8D8281982B735C2500603977 /* Debug */ = {
			isa = XCBuildConfiguration;
			buildSettings = {
				ALWAYS_SEARCH_USER_PATHS = NO;
				ASSETCATALOG_COMPILER_GENERATE_SWIFT_ASSET_SYMBOL_EXTENSIONS = YES;
				CLANG_ANALYZER_NONNULL = YES;
				CLANG_ANALYZER_NUMBER_OBJECT_CONVERSION = YES_AGGRESSIVE;
				CLANG_CXX_LANGUAGE_STANDARD = "gnu++20";
				CLANG_ENABLE_MODULES = YES;
				CLANG_ENABLE_OBJC_ARC = YES;
				CLANG_ENABLE_OBJC_WEAK = YES;
				CLANG_WARN_BLOCK_CAPTURE_AUTORELEASING = YES;
				CLANG_WARN_BOOL_CONVERSION = YES;
				CLANG_WARN_COMMA = YES;
				CLANG_WARN_CONSTANT_CONVERSION = YES;
				CLANG_WARN_DEPRECATED_OBJC_IMPLEMENTATIONS = YES;
				CLANG_WARN_DIRECT_OBJC_ISA_USAGE = YES_ERROR;
				CLANG_WARN_DOCUMENTATION_COMMENTS = YES;
				CLANG_WARN_EMPTY_BODY = YES;
				CLANG_WARN_ENUM_CONVERSION = YES;
				CLANG_WARN_INFINITE_RECURSION = YES;
				CLANG_WARN_INT_CONVERSION = YES;
				CLANG_WARN_NON_LITERAL_NULL_CONVERSION = YES;
				CLANG_WARN_OBJC_IMPLICIT_RETAIN_SELF = YES;
				CLANG_WARN_OBJC_LITERAL_CONVERSION = YES;
				CLANG_WARN_OBJC_ROOT_CLASS = YES_ERROR;
				CLANG_WARN_QUOTED_INCLUDE_IN_FRAMEWORK_HEADER = YES;
				CLANG_WARN_RANGE_LOOP_ANALYSIS = YES;
				CLANG_WARN_STRICT_PROTOTYPES = YES;
				CLANG_WARN_SUSPICIOUS_MOVE = YES;
				CLANG_WARN_UNGUARDED_AVAILABILITY = YES_AGGRESSIVE;
				CLANG_WARN_UNREACHABLE_CODE = YES;
				CLANG_WARN__DUPLICATE_METHOD_MATCH = YES;
				COPY_PHASE_STRIP = NO;
				DEBUG_INFORMATION_FORMAT = dwarf;
				ENABLE_STRICT_OBJC_MSGSEND = YES;
				ENABLE_TESTABILITY = YES;
				ENABLE_USER_SCRIPT_SANDBOXING = YES;
				GCC_C_LANGUAGE_STANDARD = gnu17;
				GCC_DYNAMIC_NO_PIC = NO;
				GCC_NO_COMMON_BLOCKS = YES;
				GCC_OPTIMIZATION_LEVEL = 0;
				GCC_PREPROCESSOR_DEFINITIONS = (
					"DEBUG=1",
					"$(inherited)",
				);
				GCC_WARN_64_TO_32_BIT_CONVERSION = YES;
				GCC_WARN_ABOUT_RETURN_TYPE = YES_ERROR;
				GCC_WARN_UNDECLARED_SELECTOR = YES;
				GCC_WARN_UNINITIALIZED_AUTOS = YES_AGGRESSIVE;
				GCC_WARN_UNUSED_FUNCTION = YES;
				GCC_WARN_UNUSED_VARIABLE = YES;
				IPHONEOS_DEPLOYMENT_TARGET = 17.2;
				LOCALIZATION_PREFERS_STRING_CATALOGS = YES;
				MTL_ENABLE_DEBUG_INFO = INCLUDE_SOURCE;
				MTL_FAST_MATH = YES;
				ONLY_ACTIVE_ARCH = YES;
				SDKROOT = iphoneos;
				SWIFT_ACTIVE_COMPILATION_CONDITIONS = "DEBUG $(inherited)";
				SWIFT_OPTIMIZATION_LEVEL = "-Onone";
			};
			name = Debug;
		};
		8D8281992B735C2500603977 /* Release */ = {
			isa = XCBuildConfiguration;
			buildSettings = {
				ALWAYS_SEARCH_USER_PATHS = NO;
				ASSETCATALOG_COMPILER_GENERATE_SWIFT_ASSET_SYMBOL_EXTENSIONS = YES;
				CLANG_ANALYZER_NONNULL = YES;
				CLANG_ANALYZER_NUMBER_OBJECT_CONVERSION = YES_AGGRESSIVE;
				CLANG_CXX_LANGUAGE_STANDARD = "gnu++20";
				CLANG_ENABLE_MODULES = YES;
				CLANG_ENABLE_OBJC_ARC = YES;
				CLANG_ENABLE_OBJC_WEAK = YES;
				CLANG_WARN_BLOCK_CAPTURE_AUTORELEASING = YES;
				CLANG_WARN_BOOL_CONVERSION = YES;
				CLANG_WARN_COMMA = YES;
				CLANG_WARN_CONSTANT_CONVERSION = YES;
				CLANG_WARN_DEPRECATED_OBJC_IMPLEMENTATIONS = YES;
				CLANG_WARN_DIRECT_OBJC_ISA_USAGE = YES_ERROR;
				CLANG_WARN_DOCUMENTATION_COMMENTS = YES;
				CLANG_WARN_EMPTY_BODY = YES;
				CLANG_WARN_ENUM_CONVERSION = YES;
				CLANG_WARN_INFINITE_RECURSION = YES;
				CLANG_WARN_INT_CONVERSION = YES;
				CLANG_WARN_NON_LITERAL_NULL_CONVERSION = YES;
				CLANG_WARN_OBJC_IMPLICIT_RETAIN_SELF = YES;
				CLANG_WARN_OBJC_LITERAL_CONVERSION = YES;
				CLANG_WARN_OBJC_ROOT_CLASS = YES_ERROR;
				CLANG_WARN_QUOTED_INCLUDE_IN_FRAMEWORK_HEADER = YES;
				CLANG_WARN_RANGE_LOOP_ANALYSIS = YES;
				CLANG_WARN_STRICT_PROTOTYPES = YES;
				CLANG_WARN_SUSPICIOUS_MOVE = YES;
				CLANG_WARN_UNGUARDED_AVAILABILITY = YES_AGGRESSIVE;
				CLANG_WARN_UNREACHABLE_CODE = YES;
				CLANG_WARN__DUPLICATE_METHOD_MATCH = YES;
				COPY_PHASE_STRIP = NO;
				DEBUG_INFORMATION_FORMAT = "dwarf-with-dsym";
				ENABLE_NS_ASSERTIONS = NO;
				ENABLE_STRICT_OBJC_MSGSEND = YES;
				ENABLE_USER_SCRIPT_SANDBOXING = YES;
				GCC_C_LANGUAGE_STANDARD = gnu17;
				GCC_NO_COMMON_BLOCKS = YES;
				GCC_WARN_64_TO_32_BIT_CONVERSION = YES;
				GCC_WARN_ABOUT_RETURN_TYPE = YES_ERROR;
				GCC_WARN_UNDECLARED_SELECTOR = YES;
				GCC_WARN_UNINITIALIZED_AUTOS = YES_AGGRESSIVE;
				GCC_WARN_UNUSED_FUNCTION = YES;
				GCC_WARN_UNUSED_VARIABLE = YES;
				IPHONEOS_DEPLOYMENT_TARGET = 17.2;
				LOCALIZATION_PREFERS_STRING_CATALOGS = YES;
				MTL_ENABLE_DEBUG_INFO = NO;
				MTL_FAST_MATH = YES;
				SDKROOT = iphoneos;
				SWIFT_COMPILATION_MODE = wholemodule;
				VALIDATE_PRODUCT = YES;
			};
			name = Release;
		};
		8D82819B2B735C2500603977 /* Debug */ = {
			isa = XCBuildConfiguration;
			baseConfigurationReference = 34EE49A3EF3505C6F0EE290A /* Pods-Demo_MVVM_iOS.debug.xcconfig */;
			buildSettings = {
				ASSETCATALOG_COMPILER_APPICON_NAME = AppIcon;
				ASSETCATALOG_COMPILER_GLOBAL_ACCENT_COLOR_NAME = AccentColor;
				CODE_SIGN_STYLE = Automatic;
				CURRENT_PROJECT_VERSION = 1;
				DEBUG_INFORMATION_FORMAT = "dwarf-with-dsym";
				ENABLE_USER_SCRIPT_SANDBOXING = NO;
				GENERATE_INFOPLIST_FILE = YES;
				INFOPLIST_FILE = Demo_MVVM_iOS/Info.plist;
				INFOPLIST_KEY_UIApplicationSupportsIndirectInputEvents = YES;
				INFOPLIST_KEY_UILaunchStoryboardName = LaunchScreen;
				INFOPLIST_KEY_UIMainStoryboardFile = Main;
				INFOPLIST_KEY_UISupportedInterfaceOrientations_iPad = "UIInterfaceOrientationPortrait UIInterfaceOrientationPortraitUpsideDown UIInterfaceOrientationLandscapeLeft UIInterfaceOrientationLandscapeRight";
				INFOPLIST_KEY_UISupportedInterfaceOrientations_iPhone = "UIInterfaceOrientationPortrait UIInterfaceOrientationLandscapeLeft UIInterfaceOrientationLandscapeRight";
				IPHONEOS_DEPLOYMENT_TARGET = 16.2;
				LD_RUNPATH_SEARCH_PATHS = (
					"$(inherited)",
					"@executable_path/Frameworks",
				);
				MARKETING_VERSION = 1.0;
				PRODUCT_BUNDLE_IDENTIFIER = "atslab.com.Demo-MVVM-iOS";
				PRODUCT_NAME = "$(TARGET_NAME)";
				SWIFT_EMIT_LOC_STRINGS = YES;
				SWIFT_VERSION = 5.0;
				TARGETED_DEVICE_FAMILY = "1,2";
			};
			name = Debug;
		};
		8D82819C2B735C2500603977 /* Release */ = {
			isa = XCBuildConfiguration;
			baseConfigurationReference = 66B57A2EE664D79E1B8C33FD /* Pods-Demo_MVVM_iOS.release.xcconfig */;
			buildSettings = {
				ASSETCATALOG_COMPILER_APPICON_NAME = AppIcon;
				ASSETCATALOG_COMPILER_GLOBAL_ACCENT_COLOR_NAME = AccentColor;
				CODE_SIGN_STYLE = Automatic;
				CURRENT_PROJECT_VERSION = 1;
				ENABLE_USER_SCRIPT_SANDBOXING = NO;
				GENERATE_INFOPLIST_FILE = YES;
				INFOPLIST_FILE = Demo_MVVM_iOS/Info.plist;
				INFOPLIST_KEY_UIApplicationSupportsIndirectInputEvents = YES;
				INFOPLIST_KEY_UILaunchStoryboardName = LaunchScreen;
				INFOPLIST_KEY_UIMainStoryboardFile = Main;
				INFOPLIST_KEY_UISupportedInterfaceOrientations_iPad = "UIInterfaceOrientationPortrait UIInterfaceOrientationPortraitUpsideDown UIInterfaceOrientationLandscapeLeft UIInterfaceOrientationLandscapeRight";
				INFOPLIST_KEY_UISupportedInterfaceOrientations_iPhone = "UIInterfaceOrientationPortrait UIInterfaceOrientationLandscapeLeft UIInterfaceOrientationLandscapeRight";
				IPHONEOS_DEPLOYMENT_TARGET = 16.2;
				LD_RUNPATH_SEARCH_PATHS = (
					"$(inherited)",
					"@executable_path/Frameworks",
				);
				MARKETING_VERSION = 1.0;
				PRODUCT_BUNDLE_IDENTIFIER = "atslab.com.Demo-MVVM-iOS";
				PRODUCT_NAME = "$(TARGET_NAME)";
				SWIFT_EMIT_LOC_STRINGS = YES;
				SWIFT_VERSION = 5.0;
				TARGETED_DEVICE_FAMILY = "1,2";
			};
			name = Release;
		};
		8D82819E2B735C2500603977 /* Debug */ = {
			isa = XCBuildConfiguration;
			baseConfigurationReference = 45CBA3D0F1EC80967E62ECBA /* Pods-Demo_MVVM_iOSTests.debug.xcconfig */;
			buildSettings = {
				ALWAYS_EMBED_SWIFT_STANDARD_LIBRARIES = YES;
				BUNDLE_LOADER = "$(TEST_HOST)";
				CODE_SIGN_STYLE = Automatic;
				CURRENT_PROJECT_VERSION = 1;
				GENERATE_INFOPLIST_FILE = YES;
				IPHONEOS_DEPLOYMENT_TARGET = 17.2;
				MARKETING_VERSION = 1.0;
				PRODUCT_BUNDLE_IDENTIFIER = "atslab.com.Demo-MVVM-iOSTests";
				PRODUCT_NAME = "$(TARGET_NAME)";
				SWIFT_EMIT_LOC_STRINGS = NO;
				SWIFT_VERSION = 5.0;
				TARGETED_DEVICE_FAMILY = "1,2";
				TEST_HOST = "$(BUILT_PRODUCTS_DIR)/Demo_MVVM_iOS.app/$(BUNDLE_EXECUTABLE_FOLDER_PATH)/Demo_MVVM_iOS";
			};
			name = Debug;
		};
		8D82819F2B735C2500603977 /* Release */ = {
			isa = XCBuildConfiguration;
			baseConfigurationReference = 50631FD7053713537741BAC7 /* Pods-Demo_MVVM_iOSTests.release.xcconfig */;
			buildSettings = {
				ALWAYS_EMBED_SWIFT_STANDARD_LIBRARIES = YES;
				BUNDLE_LOADER = "$(TEST_HOST)";
				CODE_SIGN_STYLE = Automatic;
				CURRENT_PROJECT_VERSION = 1;
				GENERATE_INFOPLIST_FILE = YES;
				IPHONEOS_DEPLOYMENT_TARGET = 17.2;
				MARKETING_VERSION = 1.0;
				PRODUCT_BUNDLE_IDENTIFIER = "atslab.com.Demo-MVVM-iOSTests";
				PRODUCT_NAME = "$(TARGET_NAME)";
				SWIFT_EMIT_LOC_STRINGS = NO;
				SWIFT_VERSION = 5.0;
				TARGETED_DEVICE_FAMILY = "1,2";
				TEST_HOST = "$(BUILT_PRODUCTS_DIR)/Demo_MVVM_iOS.app/$(BUNDLE_EXECUTABLE_FOLDER_PATH)/Demo_MVVM_iOS";
			};
			name = Release;
		};
		8D8281A12B735C2500603977 /* Debug */ = {
			isa = XCBuildConfiguration;
			baseConfigurationReference = 9CC377C312B06EE58CEAF59B /* Pods-Demo_MVVM_iOS-Demo_MVVM_iOSUITests.debug.xcconfig */;
			buildSettings = {
				ALWAYS_EMBED_SWIFT_STANDARD_LIBRARIES = YES;
				CODE_SIGN_STYLE = Automatic;
				CURRENT_PROJECT_VERSION = 1;
				GENERATE_INFOPLIST_FILE = YES;
				MARKETING_VERSION = 1.0;
				PRODUCT_BUNDLE_IDENTIFIER = "atslab.com.Demo-MVVM-iOSUITests";
				PRODUCT_NAME = "$(TARGET_NAME)";
				SWIFT_EMIT_LOC_STRINGS = NO;
				SWIFT_VERSION = 5.0;
				TARGETED_DEVICE_FAMILY = "1,2";
				TEST_TARGET_NAME = Demo_MVVM_iOS;
			};
			name = Debug;
		};
		8D8281A22B735C2500603977 /* Release */ = {
			isa = XCBuildConfiguration;
			baseConfigurationReference = 29D60F2EEC2735BF920C6739 /* Pods-Demo_MVVM_iOS-Demo_MVVM_iOSUITests.release.xcconfig */;
			buildSettings = {
				ALWAYS_EMBED_SWIFT_STANDARD_LIBRARIES = YES;
				CODE_SIGN_STYLE = Automatic;
				CURRENT_PROJECT_VERSION = 1;
				GENERATE_INFOPLIST_FILE = YES;
				MARKETING_VERSION = 1.0;
				PRODUCT_BUNDLE_IDENTIFIER = "atslab.com.Demo-MVVM-iOSUITests";
				PRODUCT_NAME = "$(TARGET_NAME)";
				SWIFT_EMIT_LOC_STRINGS = NO;
				SWIFT_VERSION = 5.0;
				TARGETED_DEVICE_FAMILY = "1,2";
				TEST_TARGET_NAME = Demo_MVVM_iOS;
			};
			name = Release;
		};
/* End XCBuildConfiguration section */

/* Begin XCConfigurationList section */
		8D82816B2B735C2300603977 /* Build configuration list for PBXProject "Demo_MVVM_iOS" */ = {
			isa = XCConfigurationList;
			buildConfigurations = (
				8D8281982B735C2500603977 /* Debug */,
				8D8281992B735C2500603977 /* Release */,
			);
			defaultConfigurationIsVisible = 0;
			defaultConfigurationName = Release;
		};
		8D82819A2B735C2500603977 /* Build configuration list for PBXNativeTarget "Demo_MVVM_iOS" */ = {
			isa = XCConfigurationList;
			buildConfigurations = (
				8D82819B2B735C2500603977 /* Debug */,
				8D82819C2B735C2500603977 /* Release */,
			);
			defaultConfigurationIsVisible = 0;
			defaultConfigurationName = Release;
		};
		8D82819D2B735C2500603977 /* Build configuration list for PBXNativeTarget "Demo_MVVM_iOSTests" */ = {
			isa = XCConfigurationList;
			buildConfigurations = (
				8D82819E2B735C2500603977 /* Debug */,
				8D82819F2B735C2500603977 /* Release */,
			);
			defaultConfigurationIsVisible = 0;
			defaultConfigurationName = Release;
		};
		8D8281A02B735C2500603977 /* Build configuration list for PBXNativeTarget "Demo_MVVM_iOSUITests" */ = {
			isa = XCConfigurationList;
			buildConfigurations = (
				8D8281A12B735C2500603977 /* Debug */,
				8D8281A22B735C2500603977 /* Release */,
			);
			defaultConfigurationIsVisible = 0;
			defaultConfigurationName = Release;
		};
/* End XCConfigurationList section */

/* Begin XCRemoteSwiftPackageReference section */
		9D6A20932B77904A00E67382 /* XCRemoteSwiftPackageReference "SDWebImage" */ = {
			isa = XCRemoteSwiftPackageReference;
			repositoryURL = "https://github.com/SDWebImage/SDWebImage.git";
			requirement = {
				kind = upToNextMajorVersion;
				minimumVersion = 5.18.10;
			};
		};
		9DDEDBF32B77EC560036365F /* XCRemoteSwiftPackageReference "SwiftLoader" */ = {
			isa = XCRemoteSwiftPackageReference;
			repositoryURL = "https://github.com/leoru/SwiftLoader.git";
			requirement = {
				kind = upToNextMajorVersion;
				minimumVersion = 1.0.0;
			};
		};
		9DDEDBFB2B77FEBA0036365F /* XCRemoteSwiftPackageReference "toast-swift" */ = {
			isa = XCRemoteSwiftPackageReference;
			repositoryURL = "https://github.com/BastiaanJansen/toast-swift";
			requirement = {
				kind = upToNextMajorVersion;
				minimumVersion = 2.1.2;
			};
		};
/* End XCRemoteSwiftPackageReference section */

/* Begin XCSwiftPackageProductDependency section */
		9D6A20942B77904A00E67382 /* SDWebImage */ = {
			isa = XCSwiftPackageProductDependency;
			package = 9D6A20932B77904A00E67382 /* XCRemoteSwiftPackageReference "SDWebImage" */;
			productName = SDWebImage;
		};
		9DDEDBF42B77EC560036365F /* SwiftLoader */ = {
			isa = XCSwiftPackageProductDependency;
			package = 9DDEDBF32B77EC560036365F /* XCRemoteSwiftPackageReference "SwiftLoader" */;
			productName = SwiftLoader;
		};
		9DDEDBFC2B77FEBA0036365F /* Toast */ = {
			isa = XCSwiftPackageProductDependency;
			package = 9DDEDBFB2B77FEBA0036365F /* XCRemoteSwiftPackageReference "toast-swift" */;
			productName = Toast;
		};
/* End XCSwiftPackageProductDependency section */
	};
	rootObject = 8D8281682B735C2300603977 /* Project object */;
}
